// !$*UTF8*$!
{
	archiveVersion = 1;
	classes = {
	};
	objectVersion = 46;
	objects = {

/* Begin PBXBuildFile section */
		573A9BD31A4A096700E918E9 /* AppDelegate.swift in Sources */ = {isa = PBXBuildFile; fileRef = 573A9BD21A4A096700E918E9 /* AppDelegate.swift */; };
		573A9BD61A4A096700E918E9 /* Recolo.xcdatamodeld in Sources */ = {isa = PBXBuildFile; fileRef = 573A9BD41A4A096700E918E9 /* Recolo.xcdatamodeld */; };
		573A9BD81A4A096700E918E9 /* MasterViewController.swift in Sources */ = {isa = PBXBuildFile; fileRef = 573A9BD71A4A096700E918E9 /* MasterViewController.swift */; };
		573A9BDA1A4A096700E918E9 /* DetailViewController.swift in Sources */ = {isa = PBXBuildFile; fileRef = 573A9BD91A4A096700E918E9 /* DetailViewController.swift */; };
		573A9BDD1A4A096700E918E9 /* Main.storyboard in Resources */ = {isa = PBXBuildFile; fileRef = 573A9BDB1A4A096700E918E9 /* Main.storyboard */; };
		573A9BDF1A4A096700E918E9 /* Images.xcassets in Resources */ = {isa = PBXBuildFile; fileRef = 573A9BDE1A4A096700E918E9 /* Images.xcassets */; };
		573A9BE21A4A096700E918E9 /* LaunchScreen.xib in Resources */ = {isa = PBXBuildFile; fileRef = 573A9BE01A4A096700E918E9 /* LaunchScreen.xib */; };
		573A9BEE1A4A096700E918E9 /* RecoloTests.swift in Sources */ = {isa = PBXBuildFile; fileRef = 573A9BED1A4A096700E918E9 /* RecoloTests.swift */; };
		573A9BF81A4A0A8A00E918E9 /* Note.swift in Sources */ = {isa = PBXBuildFile; fileRef = 573A9BF71A4A0A8A00E918E9 /* Note.swift */; };
		573A9BFA1A4A135900E918E9 /* AddEditTableViewController.swift in Sources */ = {isa = PBXBuildFile; fileRef = 573A9BF91A4A135900E918E9 /* AddEditTableViewController.swift */; };
/* End PBXBuildFile section */

/* Begin PBXContainerItemProxy section */
		573A9BE81A4A096700E918E9 /* PBXContainerItemProxy */ = {
			isa = PBXContainerItemProxy;
			containerPortal = 573A9BC51A4A096700E918E9 /* Project object */;
			proxyType = 1;
			remoteGlobalIDString = 573A9BCC1A4A096700E918E9;
			remoteInfo = Recolo;
		};
/* End PBXContainerItemProxy section */

/* Begin PBXFileReference section */
		573A9BCD1A4A096700E918E9 /* Recolo.app */ = {isa = PBXFileReference; explicitFileType = wrapper.application; includeInIndex = 0; path = Recolo.app; sourceTree = BUILT_PRODUCTS_DIR; };
		573A9BD11A4A096700E918E9 /* Info.plist */ = {isa = PBXFileReference; lastKnownFileType = text.plist.xml; path = Info.plist; sourceTree = "<group>"; };
		573A9BD21A4A096700E918E9 /* AppDelegate.swift */ = {isa = PBXFileReference; lastKnownFileType = sourcecode.swift; path = AppDelegate.swift; sourceTree = "<group>"; };
		573A9BD51A4A096700E918E9 /* Recolo.xcdatamodel */ = {isa = PBXFileReference; lastKnownFileType = wrapper.xcdatamodel; path = Recolo.xcdatamodel; sourceTree = "<group>"; };
		573A9BD71A4A096700E918E9 /* MasterViewController.swift */ = {isa = PBXFileReference; lastKnownFileType = sourcecode.swift; path = MasterViewController.swift; sourceTree = "<group>"; };
		573A9BD91A4A096700E918E9 /* DetailViewController.swift */ = {isa = PBXFileReference; lastKnownFileType = sourcecode.swift; path = DetailViewController.swift; sourceTree = "<group>"; };
		573A9BDC1A4A096700E918E9 /* Base */ = {isa = PBXFileReference; lastKnownFileType = file.storyboard; name = Base; path = Base.lproj/Main.storyboard; sourceTree = "<group>"; };
		573A9BDE1A4A096700E918E9 /* Images.xcassets */ = {isa = PBXFileReference; lastKnownFileType = folder.assetcatalog; path = Images.xcassets; sourceTree = "<group>"; };
		573A9BE11A4A096700E918E9 /* Base */ = {isa = PBXFileReference; lastKnownFileType = file.xib; name = Base; path = Base.lproj/LaunchScreen.xib; sourceTree = "<group>"; };
		573A9BE71A4A096700E918E9 /* RecoloTests.xctest */ = {isa = PBXFileReference; explicitFileType = wrapper.cfbundle; includeInIndex = 0; path = RecoloTests.xctest; sourceTree = BUILT_PRODUCTS_DIR; };
		573A9BEC1A4A096700E918E9 /* Info.plist */ = {isa = PBXFileReference; lastKnownFileType = text.plist.xml; path = Info.plist; sourceTree = "<group>"; };
		573A9BED1A4A096700E918E9 /* RecoloTests.swift */ = {isa = PBXFileReference; lastKnownFileType = sourcecode.swift; path = RecoloTests.swift; sourceTree = "<group>"; };
		573A9BF71A4A0A8A00E918E9 /* Note.swift */ = {isa = PBXFileReference; fileEncoding = 4; lastKnownFileType = sourcecode.swift; path = Note.swift; sourceTree = "<group>"; };
		573A9BF91A4A135900E918E9 /* AddEditTableViewController.swift */ = {isa = PBXFileReference; fileEncoding = 4; lastKnownFileType = sourcecode.swift; path = AddEditTableViewController.swift; sourceTree = "<group>"; };
/* End PBXFileReference section */

/* Begin PBXFrameworksBuildPhase section */
		573A9BCA1A4A096700E918E9 /* Frameworks */ = {
			isa = PBXFrameworksBuildPhase;
			buildActionMask = 2147483647;
			files = (
			);
			runOnlyForDeploymentPostprocessing = 0;
		};
		573A9BE41A4A096700E918E9 /* Frameworks */ = {
			isa = PBXFrameworksBuildPhase;
			buildActionMask = 2147483647;
			files = (
			);
			runOnlyForDeploymentPostprocessing = 0;
		};
/* End PBXFrameworksBuildPhase section */

/* Begin PBXGroup section */
		573A9BC41A4A096700E918E9 = {
			isa = PBXGroup;
			children = (
				573A9BCF1A4A096700E918E9 /* Recolo */,
				573A9BEA1A4A096700E918E9 /* RecoloTests */,
				573A9BCE1A4A096700E918E9 /* Products */,
			);
			sourceTree = "<group>";
		};
		573A9BCE1A4A096700E918E9 /* Products */ = {
			isa = PBXGroup;
			children = (
				573A9BCD1A4A096700E918E9 /* Recolo.app */,
				573A9BE71A4A096700E918E9 /* RecoloTests.xctest */,
			);
			name = Products;
			sourceTree = "<group>";
		};
		573A9BCF1A4A096700E918E9 /* Recolo */ = {
			isa = PBXGroup;
			children = (
				573A9BD21A4A096700E918E9 /* AppDelegate.swift */,
				573A9BD71A4A096700E918E9 /* MasterViewController.swift */,
				573A9BD91A4A096700E918E9 /* DetailViewController.swift */,
				573A9BDB1A4A096700E918E9 /* Main.storyboard */,
				573A9BF91A4A135900E918E9 /* AddEditTableViewController.swift */,
				573A9BDE1A4A096700E918E9 /* Images.xcassets */,
				573A9BE01A4A096700E918E9 /* LaunchScreen.xib */,
				573A9BD41A4A096700E918E9 /* Recolo.xcdatamodeld */,
				573A9BF71A4A0A8A00E918E9 /* Note.swift */,
				573A9BD01A4A096700E918E9 /* Supporting Files */,
			);
			path = Recolo;
			sourceTree = "<group>";
		};
		573A9BD01A4A096700E918E9 /* Supporting Files */ = {
			isa = PBXGroup;
			children = (
				573A9BD11A4A096700E918E9 /* Info.plist */,
			);
			name = "Supporting Files";
			sourceTree = "<group>";
		};
		573A9BEA1A4A096700E918E9 /* RecoloTests */ = {
			isa = PBXGroup;
			children = (
				573A9BED1A4A096700E918E9 /* RecoloTests.swift */,
				573A9BEB1A4A096700E918E9 /* Supporting Files */,
			);
			path = RecoloTests;
			sourceTree = "<group>";
		};
		573A9BEB1A4A096700E918E9 /* Supporting Files */ = {
			isa = PBXGroup;
			children = (
				573A9BEC1A4A096700E918E9 /* Info.plist */,
			);
			name = "Supporting Files";
			sourceTree = "<group>";
		};
/* End PBXGroup section */

/* Begin PBXNativeTarget section */
		573A9BCC1A4A096700E918E9 /* Recolo */ = {
			isa = PBXNativeTarget;
			buildConfigurationList = 573A9BF11A4A096700E918E9 /* Build configuration list for PBXNativeTarget "Recolo" */;
			buildPhases = (
				573A9BC91A4A096700E918E9 /* Sources */,
				573A9BCA1A4A096700E918E9 /* Frameworks */,
				573A9BCB1A4A096700E918E9 /* Resources */,
			);
			buildRules = (
			);
			dependencies = (
			);
			name = Recolo;
			productName = Recolo;
			productReference = 573A9BCD1A4A096700E918E9 /* Recolo.app */;
			productType = "com.apple.product-type.application";
		};
		573A9BE61A4A096700E918E9 /* RecoloTests */ = {
			isa = PBXNativeTarget;
			buildConfigurationList = 573A9BF41A4A096700E918E9 /* Build configuration list for PBXNativeTarget "RecoloTests" */;
			buildPhases = (
				573A9BE31A4A096700E918E9 /* Sources */,
				573A9BE41A4A096700E918E9 /* Frameworks */,
				573A9BE51A4A096700E918E9 /* Resources */,
			);
			buildRules = (
			);
			dependencies = (
				573A9BE91A4A096700E918E9 /* PBXTargetDependency */,
			);
			name = RecoloTests;
			productName = RecoloTests;
			productReference = 573A9BE71A4A096700E918E9 /* RecoloTests.xctest */;
			productType = "com.apple.product-type.bundle.unit-test";
		};
/* End PBXNativeTarget section */

/* Begin PBXProject section */
		573A9BC51A4A096700E918E9 /* Project object */ = {
			isa = PBXProject;
			attributes = {
				LastUpgradeCheck = 0610;
				ORGANIZATIONNAME = "Matthew Chess";
				TargetAttributes = {
					573A9BCC1A4A096700E918E9 = {
						CreatedOnToolsVersion = 6.1.1;
					};
					573A9BE61A4A096700E918E9 = {
						CreatedOnToolsVersion = 6.1.1;
						TestTargetID = 573A9BCC1A4A096700E918E9;
					};
				};
			};
			buildConfigurationList = 573A9BC81A4A096700E918E9 /* Build configuration list for PBXProject "Recolo" */;
			compatibilityVersion = "Xcode 3.2";
			developmentRegion = English;
			hasScannedForEncodings = 0;
			knownRegions = (
				en,
				Base,
			);
			mainGroup = 573A9BC41A4A096700E918E9;
			productRefGroup = 573A9BCE1A4A096700E918E9 /* Products */;
			projectDirPath = "";
			projectRoot = "";
			targets = (
				573A9BCC1A4A096700E918E9 /* Recolo */,
				573A9BE61A4A096700E918E9 /* RecoloTests */,
			);
		};
/* End PBXProject section */

/* Begin PBXResourcesBuildPhase section */
		573A9BCB1A4A096700E918E9 /* Resources */ = {
			isa = PBXResourcesBuildPhase;
			buildActionMask = 2147483647;
			files = (
				573A9BDD1A4A096700E918E9 /* Main.storyboard in Resources */,
				573A9BE21A4A096700E918E9 /* LaunchScreen.xib in Resources */,
				573A9BDF1A4A096700E918E9 /* Images.xcassets in Resources */,
			);
			runOnlyForDeploymentPostprocessing = 0;
		};
		573A9BE51A4A096700E918E9 /* Resources */ = {
			isa = PBXResourcesBuildPhase;
			buildActionMask = 2147483647;
			files = (
			);
			runOnlyForDeploymentPostprocessing = 0;
		};
/* End PBXResourcesBuildPhase section */

/* Begin PBXSourcesBuildPhase section */
		573A9BC91A4A096700E918E9 /* Sources */ = {
			isa = PBXSourcesBuildPhase;
			buildActionMask = 2147483647;
			files = (
				573A9BFA1A4A135900E918E9 /* AddEditTableViewController.swift in Sources */,
				573A9BF81A4A0A8A00E918E9 /* Note.swift in Sources */,
				573A9BD31A4A096700E918E9 /* AppDelegate.swift in Sources */,
				573A9BD61A4A096700E918E9 /* Recolo.xcdatamodeld in Sources */,
				573A9BD81A4A096700E918E9 /* MasterViewController.swift in Sources */,
				573A9BDA1A4A096700E918E9 /* DetailViewController.swift in Sources */,
			);
			runOnlyForDeploymentPostprocessing = 0;
		};
		573A9BE31A4A096700E918E9 /* Sources */ = {
			isa = PBXSourcesBuildPhase;
			buildActionMask = 2147483647;
			files = (
				573A9BEE1A4A096700E918E9 /* RecoloTests.swift in Sources */,
			);
			runOnlyForDeploymentPostprocessing = 0;
		};
/* End PBXSourcesBuildPhase section */

/* Begin PBXTargetDependency section */
		573A9BE91A4A096700E918E9 /* PBXTargetDependency */ = {
			isa = PBXTargetDependency;
			target = 573A9BCC1A4A096700E918E9 /* Recolo */;
			targetProxy = 573A9BE81A4A096700E918E9 /* PBXContainerItemProxy */;
		};
/* End PBXTargetDependency section */

/* Begin PBXVariantGroup section */
		573A9BDB1A4A096700E918E9 /* Main.storyboard */ = {
			isa = PBXVariantGroup;
			children = (
				573A9BDC1A4A096700E918E9 /* Base */,
			);
			name = Main.storyboard;
			sourceTree = "<group>";
		};
		573A9BE01A4A096700E918E9 /* LaunchScreen.xib */ = {
			isa = PBXVariantGroup;
			children = (
				573A9BE11A4A096700E918E9 /* Base */,
			);
			name = LaunchScreen.xib;
			sourceTree = "<group>";
		};
/* End PBXVariantGroup section */

/* Begin XCBuildConfiguration section */
		573A9BEF1A4A096700E918E9 /* Debug */ = {
			isa = XCBuildConfiguration;
			buildSettings = {
				ALWAYS_SEARCH_USER_PATHS = NO;
				CLANG_CXX_LANGUAGE_STANDARD = "gnu++0x";
				CLANG_CXX_LIBRARY = "libc++";
				CLANG_ENABLE_MODULES = YES;
				CLANG_ENABLE_OBJC_ARC = YES;
				CLANG_WARN_BOOL_CONVERSION = YES;
				CLANG_WARN_CONSTANT_CONVERSION = YES;
				CLANG_WARN_DIRECT_OBJC_ISA_USAGE = YES_ERROR;
				CLANG_WARN_EMPTY_BODY = YES;
				CLANG_WARN_ENUM_CONVERSION = YES;
				CLANG_WARN_INT_CONVERSION = YES;
				CLANG_WARN_OBJC_ROOT_CLASS = YES_ERROR;
				CLANG_WARN_UNREACHABLE_CODE = YES;
				CLANG_WARN__DUPLICATE_METHOD_MATCH = YES;
				"CODE_SIGN_IDENTITY[sdk=iphoneos*]" = "iPhone Developer";
				COPY_PHASE_STRIP = NO;
				ENABLE_STRICT_OBJC_MSGSEND = YES;
				GCC_C_LANGUAGE_STANDARD = gnu99;
				GCC_DYNAMIC_NO_PIC = NO;
				GCC_OPTIMIZATION_LEVEL = 0;
				GCC_PREPROCESSOR_DEFINITIONS = (
					"DEBUG=1",
					"$(inherited)",
				);
				GCC_SYMBOLS_PRIVATE_EXTERN = NO;
				GCC_WARN_64_TO_32_BIT_CONVERSION = YES;
				GCC_WARN_ABOUT_RETURN_TYPE = YES_ERROR;
				GCC_WARN_UNDECLARED_SELECTOR = YES;
				GCC_WARN_UNINITIALIZED_AUTOS = YES_AGGRESSIVE;
				GCC_WARN_UNUSED_FUNCTION = YES;
				GCC_WARN_UNUSED_VARIABLE = YES;
				IPHONEOS_DEPLOYMENT_TARGET = 8.1;
				MTL_ENABLE_DEBUG_INFO = YES;
				ONLY_ACTIVE_ARCH = YES;
				SDKROOT = iphoneos;
				SWIFT_OPTIMIZATION_LEVEL = "-Onone";
				TARGETED_DEVICE_FAMILY = "1,2";
			};
			name = Debug;
		};
		573A9BF01A4A096700E918E9 /* Release */ = {
			isa = XCBuildConfiguration;
			buildSettings = {
				ALWAYS_SEARCH_USER_PATHS = NO;
				CLANG_CXX_LANGUAGE_STANDARD = "gnu++0x";
				CLANG_CXX_LIBRARY = "libc++";
				CLANG_ENABLE_MODULES = YES;
				CLANG_ENABLE_OBJC_ARC = YES;
				CLANG_WARN_BOOL_CONVERSION = YES;
				CLANG_WARN_CONSTANT_CONVERSION = YES;
				CLANG_WARN_DIRECT_OBJC_ISA_USAGE = YES_ERROR;
				CLANG_WARN_EMPTY_BODY = YES;
				CLANG_WARN_ENUM_CONVERSION = YES;
				CLANG_WARN_INT_CONVERSION = YES;
				CLANG_WARN_OBJC_ROOT_CLASS = YES_ERROR;
				CLANG_WARN_UNREACHABLE_CODE = YES;
				CLANG_WARN__DUPLICATE_METHOD_MATCH = YES;
				"CODE_SIGN_IDENTITY[sdk=iphoneos*]" = "iPhone Developer";
				COPY_PHASE_STRIP = YES;
				ENABLE_NS_ASSERTIONS = NO;
				ENABLE_STRICT_OBJC_MSGSEND = YES;
				GCC_C_LANGUAGE_STANDARD = gnu99;
				GCC_WARN_64_TO_32_BIT_CONVERSION = YES;
				GCC_WARN_ABOUT_RETURN_TYPE = YES_ERROR;
				GCC_WARN_UNDECLARED_SELECTOR = YES;
				GCC_WARN_UNINITIALIZED_AUTOS = YES_AGGRESSIVE;
				GCC_WARN_UNUSED_FUNCTION = YES;
				GCC_WARN_UNUSED_VARIABLE = YES;
				IPHONEOS_DEPLOYMENT_TARGET = 8.1;
				MTL_ENABLE_DEBUG_INFO = NO;
				SDKROOT = iphoneos;
				TARGETED_DEVICE_FAMILY = "1,2";
				VALIDATE_PRODUCT = YES;
			};
			name = Release;
		};
		573A9BF21A4A096700E918E9 /* Debug */ = {
			isa = XCBuildConfiguration;
			buildSettings = {
				ASSETCATALOG_COMPILER_APPICON_NAME = AppIcon;
				INFOPLIST_FILE = Recolo/Info.plist;
				LD_RUNPATH_SEARCH_PATHS = "$(inherited) @executable_path/Frameworks";
				PRODUCT_NAME = "$(TARGET_NAME)";
			};
			name = Debug;
		};
		573A9BF31A4A096700E918E9 /* Release */ = {
			isa = XCBuildConfiguration;
			buildSettings = {
				ASSETCATALOG_COMPILER_APPICON_NAME = AppIcon;
				INFOPLIST_FILE = Recolo/Info.plist;
				LD_RUNPATH_SEARCH_PATHS = "$(inherited) @executable_path/Frameworks";
				PRODUCT_NAME = "$(TARGET_NAME)";
			};
			name = Release;
		};
		573A9BF51A4A096700E918E9 /* Debug */ = {
			isa = XCBuildConfiguration;
			buildSettings = {
				BUNDLE_LOADER = "$(TEST_HOST)";
				FRAMEWORK_SEARCH_PATHS = (
					"$(SDKROOT)/Developer/Library/Frameworks",
					"$(inherited)",
				);
				GCC_PREPROCESSOR_DEFINITIONS = (
					"DEBUG=1",
					"$(inherited)",
				);
				INFOPLIST_FILE = RecoloTests/Info.plist;
				LD_RUNPATH_SEARCH_PATHS = "$(inherited) @executable_path/Frameworks @loader_path/Frameworks";
				PRODUCT_NAME = "$(TARGET_NAME)";
				TEST_HOST = "$(BUILT_PRODUCTS_DIR)/Recolo.app/Recolo";
			};
			name = Debug;
		};
		573A9BF61A4A096700E918E9 /* Release */ = {
			isa = XCBuildConfiguration;
			buildSettings = {
				BUNDLE_LOADER = "$(TEST_HOST)";
				FRAMEWORK_SEARCH_PATHS = (
					"$(SDKROOT)/Developer/Library/Frameworks",
					"$(inherited)",
				);
				INFOPLIST_FILE = RecoloTests/Info.plist;
				LD_RUNPATH_SEARCH_PATHS = "$(inherited) @executable_path/Frameworks @loader_path/Frameworks";
				PRODUCT_NAME = "$(TARGET_NAME)";
				TEST_HOST = "$(BUILT_PRODUCTS_DIR)/Recolo.app/Recolo";
			};
			name = Release;
		};
/* End XCBuildConfiguration section */

/* Begin XCConfigurationList section */
		573A9BC81A4A096700E918E9 /* Build configuration list for PBXProject "Recolo" */ = {
			isa = XCConfigurationList;
			buildConfigurations = (
				573A9BEF1A4A096700E918E9 /* Debug */,
				573A9BF01A4A096700E918E9 /* Release */,
			);
			defaultConfigurationIsVisible = 0;
			defaultConfigurationName = Release;
		};
		573A9BF11A4A096700E918E9 /* Build configuration list for PBXNativeTarget "Recolo" */ = {
			isa = XCConfigurationList;
			buildConfigurations = (
				573A9BF21A4A096700E918E9 /* Debug */,
				573A9BF31A4A096700E918E9 /* Release */,
			);
			defaultConfigurationIsVisible = 0;
		};
		573A9BF41A4A096700E918E9 /* Build configuration list for PBXNativeTarget "RecoloTests" */ = {
			isa = XCConfigurationList;
			buildConfigurations = (
				573A9BF51A4A096700E918E9 /* Debug */,
				573A9BF61A4A096700E918E9 /* Release */,
			);
			defaultConfigurationIsVisible = 0;
		};
/* End XCConfigurationList section */

/* Begin XCVersionGroup section */
		573A9BD41A4A096700E918E9 /* Recolo.xcdatamodeld */ = {
			isa = XCVersionGroup;
			children = (
				573A9BD51A4A096700E918E9 /* Recolo.xcdatamodel */,
			);
			currentVersion = 573A9BD51A4A096700E918E9 /* Recolo.xcdatamodel */;
			path = Recolo.xcdatamodeld;
			sourceTree = "<group>";
			versionGroupType = wrapper.xcdatamodel;
		};
/* End XCVersionGroup section */
	};
	rootObject = 573A9BC51A4A096700E918E9 /* Project object */;
}
